
Microsoft Visual Studio Solution File, Format Version 12.00
# Visual Studio 15
VisualStudioVersion = 15.0.27130.2036
MinimumVisualStudioVersion = 10.0.40219.1
Project("{888888A0-9F3D-457C-B088-3A5042F75D52}") = "Lab_01", "Lab_01\Lab_01.pyproj", "{E49C42E5-77C8-40F1-9607-40130BF1EDE8}"
EndProject
Project("{888888A0-9F3D-457C-B088-3A5042F75D52}") = "Lab_02", "Lab_02\Lab_02.pyproj", "{5E2C2E9E-7ACD-44C8-9548-8363F494D9EB}"
EndProject
Project("{888888A0-9F3D-457C-B088-3A5042F75D52}") = "Lab_03", "Lab_03\Lab_03.pyproj", "{A4D4CB43-E54A-45FC-8523-BD6BE1C19A04}"
EndProject
Project("{888888A0-9F3D-457C-B088-3A5042F75D52}") = "Lab_04", "Lab_04\Lab_04.pyproj", "{BB302DA3-1C40-4918-877C-C51300892FF3}"
EndProject
Project("{888888A0-9F3D-457C-B088-3A5042F75D52}") = "Lab_05", "Lab_05\Lab_05\Lab_05.pyproj", "{C0B52838-E48C-44D7-86F5-7915040FA66E}"
EndProject
Project("{888888A0-9F3D-457C-B088-3A5042F75D52}") = "Lab_06", "Lab_06\Lab_06.pyproj", "{BB0A123F-97E8-4833-B63F-7E046551E180}"
EndProject
Project("{888888A0-9F3D-457C-B088-3A5042F75D52}") = "Lab_07", "Lab_07\Lab_07.pyproj", "{F63C34C8-BB79-4350-A7C6-4FEF74276986}"
EndProject
Project("{888888A0-9F3D-457C-B088-3A5042F75D52}") = "Lab_08", "Lab_08\Lab_08.pyproj", "{9AEEC42B-AD8D-4F14-8F64-B59B1613BFCA}"
EndProject
Project("{888888A0-9F3D-457C-B088-3A5042F75D52}") = "Lab_09", "Lab_09\Lab_09.pyproj", "{078D3C46-332E-44A8-99D9-1DFAC92ECE1F}"
EndProject
Project("{888888A0-9F3D-457C-B088-3A5042F75D52}") = "Lab_10", "Lab_10\Lab_10.pyproj", "{13F6C358-7A4C-4659-BE9F-7EA4FB69AC1A}"
EndProject
Project("{888888A0-9F3D-457C-B088-3A5042F75D52}") = "Lab_11", "Lab_11\Lab_11.pyproj", "{BF13ACD9-4424-4CE6-B309-F00BB7EAACB2}"
EndProject
Project("{888888A0-9F3D-457C-B088-3A5042F75D52}") = "Lab_12", "Lab_12\Lab_12.pyproj", "{7CBF8A6E-0445-47FF-B80F-EBD77D7343BC}"
EndProject
Project("{888888A0-9F3D-457C-B088-3A5042F75D52}") = "Lab_13", "Lab_13\Lab_13.pyproj", "{4D8C707D-332C-4CDD-B4E4-0BC9BCDC8ED4}"
EndProject
Project("{888888A0-9F3D-457C-B088-3A5042F75D52}") = "Lab_14", "Lab_14\Lab_14.pyproj", "{7DF43B76-144A-4322-8582-81F41157446E}"
EndProject
Global
	GlobalSection(SolutionConfigurationPlatforms) = preSolution
		Debug|Any CPU = Debug|Any CPU
		Debug|x64 = Debug|x64
		Debug|x86 = Debug|x86
		Release|Any CPU = Release|Any CPU
		Release|x64 = Release|x64
		Release|x86 = Release|x86
	EndGlobalSection
	GlobalSection(ProjectConfigurationPlatforms) = postSolution
		{E49C42E5-77C8-40F1-9607-40130BF1EDE8}.Debug|Any CPU.ActiveCfg = Debug|Any CPU
		{E49C42E5-77C8-40F1-9607-40130BF1EDE8}.Debug|x64.ActiveCfg = Debug|Any CPU
		{E49C42E5-77C8-40F1-9607-40130BF1EDE8}.Debug|x86.ActiveCfg = Debug|Any CPU
		{E49C42E5-77C8-40F1-9607-40130BF1EDE8}.Release|Any CPU.ActiveCfg = Release|Any CPU
		{E49C42E5-77C8-40F1-9607-40130BF1EDE8}.Release|x64.ActiveCfg = Release|Any CPU
		{E49C42E5-77C8-40F1-9607-40130BF1EDE8}.Release|x86.ActiveCfg = Release|Any CPU
		{5E2C2E9E-7ACD-44C8-9548-8363F494D9EB}.Debug|Any CPU.ActiveCfg = Debug|Any CPU
		{5E2C2E9E-7ACD-44C8-9548-8363F494D9EB}.Debug|x64.ActiveCfg = Debug|Any CPU
		{5E2C2E9E-7ACD-44C8-9548-8363F494D9EB}.Debug|x86.ActiveCfg = Debug|Any CPU
		{5E2C2E9E-7ACD-44C8-9548-8363F494D9EB}.Release|Any CPU.ActiveCfg = Release|Any CPU
		{5E2C2E9E-7ACD-44C8-9548-8363F494D9EB}.Release|x64.ActiveCfg = Release|Any CPU
		{5E2C2E9E-7ACD-44C8-9548-8363F494D9EB}.Release|x86.ActiveCfg = Release|Any CPU
		{A4D4CB43-E54A-45FC-8523-BD6BE1C19A04}.Debug|Any CPU.ActiveCfg = Debug|Any CPU
		{A4D4CB43-E54A-45FC-8523-BD6BE1C19A04}.Debug|x64.ActiveCfg = Debug|Any CPU
		{A4D4CB43-E54A-45FC-8523-BD6BE1C19A04}.Debug|x86.ActiveCfg = Debug|Any CPU
		{A4D4CB43-E54A-45FC-8523-BD6BE1C19A04}.Release|Any CPU.ActiveCfg = Release|Any CPU
		{A4D4CB43-E54A-45FC-8523-BD6BE1C19A04}.Release|x64.ActiveCfg = Release|Any CPU
		{A4D4CB43-E54A-45FC-8523-BD6BE1C19A04}.Release|x86.ActiveCfg = Release|Any CPU
		{BB302DA3-1C40-4918-877C-C51300892FF3}.Debug|Any CPU.ActiveCfg = Debug|Any CPU
		{BB302DA3-1C40-4918-877C-C51300892FF3}.Debug|x64.ActiveCfg = Debug|Any CPU
		{BB302DA3-1C40-4918-877C-C51300892FF3}.Debug|x86.ActiveCfg = Debug|Any CPU
		{BB302DA3-1C40-4918-877C-C51300892FF3}.Release|Any CPU.ActiveCfg = Release|Any CPU
		{BB302DA3-1C40-4918-877C-C51300892FF3}.Release|x64.ActiveCfg = Release|Any CPU
		{BB302DA3-1C40-4918-877C-C51300892FF3}.Release|x86.ActiveCfg = Release|Any CPU
		{C0B52838-E48C-44D7-86F5-7915040FA66E}.Debug|Any CPU.ActiveCfg = Debug|Any CPU
		{C0B52838-E48C-44D7-86F5-7915040FA66E}.Debug|x64.ActiveCfg = Debug|Any CPU
		{C0B52838-E48C-44D7-86F5-7915040FA66E}.Debug|x86.ActiveCfg = Debug|Any CPU
		{C0B52838-E48C-44D7-86F5-7915040FA66E}.Release|Any CPU.ActiveCfg = Release|Any CPU
		{C0B52838-E48C-44D7-86F5-7915040FA66E}.Release|x64.ActiveCfg = Release|Any CPU
		{C0B52838-E48C-44D7-86F5-7915040FA66E}.Release|x86.ActiveCfg = Release|Any CPU
		{BB0A123F-97E8-4833-B63F-7E046551E180}.Debug|Any CPU.ActiveCfg = Debug|Any CPU
		{BB0A123F-97E8-4833-B63F-7E046551E180}.Debug|x64.ActiveCfg = Debug|Any CPU
		{BB0A123F-97E8-4833-B63F-7E046551E180}.Debug|x86.ActiveCfg = Debug|Any CPU
		{BB0A123F-97E8-4833-B63F-7E046551E180}.Release|Any CPU.ActiveCfg = Release|Any CPU
		{BB0A123F-97E8-4833-B63F-7E046551E180}.Release|x64.ActiveCfg = Release|Any CPU
		{BB0A123F-97E8-4833-B63F-7E046551E180}.Release|x86.ActiveCfg = Release|Any CPU
		{F63C34C8-BB79-4350-A7C6-4FEF74276986}.Debug|Any CPU.ActiveCfg = Debug|Any CPU
		{F63C34C8-BB79-4350-A7C6-4FEF74276986}.Debug|x64.ActiveCfg = Debug|Any CPU
		{F63C34C8-BB79-4350-A7C6-4FEF74276986}.Debug|x86.ActiveCfg = Debug|Any CPU
		{F63C34C8-BB79-4350-A7C6-4FEF74276986}.Release|Any CPU.ActiveCfg = Release|Any CPU
		{F63C34C8-BB79-4350-A7C6-4FEF74276986}.Release|x64.ActiveCfg = Release|Any CPU
		{F63C34C8-BB79-4350-A7C6-4FEF74276986}.Release|x86.ActiveCfg = Release|Any CPU
		{9AEEC42B-AD8D-4F14-8F64-B59B1613BFCA}.Debug|Any CPU.ActiveCfg = Debug|Any CPU
		{9AEEC42B-AD8D-4F14-8F64-B59B1613BFCA}.Debug|x64.ActiveCfg = Debug|Any CPU
		{9AEEC42B-AD8D-4F14-8F64-B59B1613BFCA}.Debug|x86.ActiveCfg = Debug|Any CPU
		{9AEEC42B-AD8D-4F14-8F64-B59B1613BFCA}.Release|Any CPU.ActiveCfg = Release|Any CPU
		{9AEEC42B-AD8D-4F14-8F64-B59B1613BFCA}.Release|x64.ActiveCfg = Release|Any CPU
		{9AEEC42B-AD8D-4F14-8F64-B59B1613BFCA}.Release|x86.ActiveCfg = Release|Any CPU
		{078D3C46-332E-44A8-99D9-1DFAC92ECE1F}.Debug|Any CPU.ActiveCfg = Debug|Any CPU
		{078D3C46-332E-44A8-99D9-1DFAC92ECE1F}.Debug|x64.ActiveCfg = Debug|Any CPU
		{078D3C46-332E-44A8-99D9-1DFAC92ECE1F}.Debug|x86.ActiveCfg = Debug|Any CPU
		{078D3C46-332E-44A8-99D9-1DFAC92ECE1F}.Release|Any CPU.ActiveCfg = Release|Any CPU
		{078D3C46-332E-44A8-99D9-1DFAC92ECE1F}.Release|x64.ActiveCfg = Release|Any CPU
		{078D3C46-332E-44A8-99D9-1DFAC92ECE1F}.Release|x86.ActiveCfg = Release|Any CPU
		{13F6C358-7A4C-4659-BE9F-7EA4FB69AC1A}.Debug|Any CPU.ActiveCfg = Debug|Any CPU
		{13F6C358-7A4C-4659-BE9F-7EA4FB69AC1A}.Debug|x64.ActiveCfg = Debug|Any CPU
		{13F6C358-7A4C-4659-BE9F-7EA4FB69AC1A}.Debug|x86.ActiveCfg = Debug|Any CPU
		{13F6C358-7A4C-4659-BE9F-7EA4FB69AC1A}.Release|Any CPU.ActiveCfg = Release|Any CPU
		{13F6C358-7A4C-4659-BE9F-7EA4FB69AC1A}.Release|x64.ActiveCfg = Release|Any CPU
		{13F6C358-7A4C-4659-BE9F-7EA4FB69AC1A}.Release|x86.ActiveCfg = Release|Any CPU
		{BF13ACD9-4424-4CE6-B309-F00BB7EAACB2}.Debug|Any CPU.ActiveCfg = Debug|Any CPU
		{BF13ACD9-4424-4CE6-B309-F00BB7EAACB2}.Debug|x64.ActiveCfg = Debug|Any CPU
		{BF13ACD9-4424-4CE6-B309-F00BB7EAACB2}.Debug|x86.ActiveCfg = Debug|Any CPU
		{BF13ACD9-4424-4CE6-B309-F00BB7EAACB2}.Release|Any CPU.ActiveCfg = Release|Any CPU
		{BF13ACD9-4424-4CE6-B309-F00BB7EAACB2}.Release|x64.ActiveCfg = Release|Any CPU
		{BF13ACD9-4424-4CE6-B309-F00BB7EAACB2}.Release|x86.ActiveCfg = Release|Any CPU
		{7CBF8A6E-0445-47FF-B80F-EBD77D7343BC}.Debug|Any CPU.ActiveCfg = Debug|Any CPU
		{7CBF8A6E-0445-47FF-B80F-EBD77D7343BC}.Debug|x64.ActiveCfg = Debug|Any CPU
		{7CBF8A6E-0445-47FF-B80F-EBD77D7343BC}.Debug|x86.ActiveCfg = Debug|Any CPU
		{7CBF8A6E-0445-47FF-B80F-EBD77D7343BC}.Release|Any CPU.ActiveCfg = Release|Any CPU
		{7CBF8A6E-0445-47FF-B80F-EBD77D7343BC}.Release|x64.ActiveCfg = Release|Any CPU
		{7CBF8A6E-0445-47FF-B80F-EBD77D7343BC}.Release|x86.ActiveCfg = Release|Any CPU
		{4D8C707D-332C-4CDD-B4E4-0BC9BCDC8ED4}.Debug|Any CPU.ActiveCfg = Debug|Any CPU
		{4D8C707D-332C-4CDD-B4E4-0BC9BCDC8ED4}.Debug|x64.ActiveCfg = Debug|Any CPU
		{4D8C707D-332C-4CDD-B4E4-0BC9BCDC8ED4}.Debug|x86.ActiveCfg = Debug|Any CPU
		{4D8C707D-332C-4CDD-B4E4-0BC9BCDC8ED4}.Release|Any CPU.ActiveCfg = Release|Any CPU
		{4D8C707D-332C-4CDD-B4E4-0BC9BCDC8ED4}.Release|x64.ActiveCfg = Release|Any CPU
		{4D8C707D-332C-4CDD-B4E4-0BC9BCDC8ED4}.Release|x86.ActiveCfg = Release|Any CPU
		{7DF43B76-144A-4322-8582-81F41157446E}.Debug|Any CPU.ActiveCfg = Debug|Any CPU
		{7DF43B76-144A-4322-8582-81F41157446E}.Debug|x64.ActiveCfg = Debug|Any CPU
		{7DF43B76-144A-4322-8582-81F41157446E}.Debug|x86.ActiveCfg = Debug|Any CPU
		{7DF43B76-144A-4322-8582-81F41157446E}.Release|Any CPU.ActiveCfg = Release|Any CPU
		{7DF43B76-144A-4322-8582-81F41157446E}.Release|x64.ActiveCfg = Release|Any CPU
		{7DF43B76-144A-4322-8582-81F41157446E}.Release|x86.ActiveCfg = Release|Any CPU
	EndGlobalSection
	GlobalSection(SolutionProperties) = preSolution
		HideSolutionNode = FALSE
	EndGlobalSection
	GlobalSection(ExtensibilityGlobals) = postSolution
		SolutionGuid = {6B74A7DB-F89F-4303-9E9D-11F6467EA4B9}
	EndGlobalSection
EndGlobal
